
Microsoft Visual Studio Solution File, Format Version 11.00
# Visual Studio 2010
Project("{8BC9CEB8-8B4A-11D0-8D11-00A0C91BC942}") = "tests", "tests.vcxproj", "{C384F2AE-915E-4328-9E00-A8BF132F7086}"
EndProject
Global
	GlobalSection(SolutionConfigurationPlatforms) = preSolution
		Debug|Win32 = Debug|Win32
		Release|Win32 = Release|Win32
	EndGlobalSection
	GlobalSection(ProjectConfigurationPlatforms) = postSolution
		{C384F2AE-915E-4328-9E00-A8BF132F7086}.Debug|Win32.ActiveCfg = Debug|Win32
		{C384F2AE-915E-4328-9E00-A8BF132F7086}.Debug|Win32.Build.0 = Debug|Win32
		{C384F2AE-915E-4328-9E00-A8BF132F7086}.Release|Win32.ActiveCfg = Release|Win32
		{C384F2AE-915E-4328-9E00-A8BF132F7086}.Release|Win32.Build.0 = Release|Win32
	EndGlobalSection
	GlobalSection(SolutionProperties) = preSolution
		HideSolutionNode = FALSE
	EndGlobalSection
EndGlobal
